
Microsoft Visual Studio Solution File, Format Version 12.00
# Visual Studio Version 17
VisualStudioVersion = 17.4.33403.182
MinimumVisualStudioVersion = 10.0.40219.1
Project("{FAE04EC0-301F-11D3-BF4B-00C04F79EFBC}") = "Todo", "Todo.csproj", "{8395C9B9-8CC4-48B3-A8F7-276CDBE83AB8}"
EndProject
Project("{FAE04EC0-301F-11D3-BF4B-00C04F79EFBC}") = "Application", "..\Application\Application.csproj", "{57FA68E0-E6E8-40DC-AF79-352611033B4B}"
EndProject
Project("{FAE04EC0-301F-11D3-BF4B-00C04F79EFBC}") = "Infrastracture", "..\Infrastracture\Infrastracture.csproj", "{77827BFE-5992-4F4C-A4ED-A62CAE3F6EC2}"
EndProject
Project("{FAE04EC0-301F-11D3-BF4B-00C04F79EFBC}") = "Domain", "..\Domain\Domain.csproj", "{E1A5D905-DE73-48D1-90A7-82B2BC8B6026}"
EndProject
Global
	GlobalSection(SolutionConfigurationPlatforms) = preSolution
		Debug|Any CPU = Debug|Any CPU
		Release|Any CPU = Release|Any CPU
	EndGlobalSection
	GlobalSection(ProjectConfigurationPlatforms) = postSolution
		{8395C9B9-8CC4-48B3-A8F7-276CDBE83AB8}.Debug|Any CPU.ActiveCfg = Debug|Any CPU
		{8395C9B9-8CC4-48B3-A8F7-276CDBE83AB8}.Debug|Any CPU.Build.0 = Debug|Any CPU
		{8395C9B9-8CC4-48B3-A8F7-276CDBE83AB8}.Release|Any CPU.ActiveCfg = Release|Any CPU
		{8395C9B9-8CC4-48B3-A8F7-276CDBE83AB8}.Release|Any CPU.Build.0 = Release|Any CPU
		{57FA68E0-E6E8-40DC-AF79-352611033B4B}.Debug|Any CPU.ActiveCfg = Debug|Any CPU
		{57FA68E0-E6E8-40DC-AF79-352611033B4B}.Debug|Any CPU.Build.0 = Debug|Any CPU
		{57FA68E0-E6E8-40DC-AF79-352611033B4B}.Release|Any CPU.ActiveCfg = Release|Any CPU
		{57FA68E0-E6E8-40DC-AF79-352611033B4B}.Release|Any CPU.Build.0 = Release|Any CPU
		{77827BFE-5992-4F4C-A4ED-A62CAE3F6EC2}.Debug|Any CPU.ActiveCfg = Debug|Any CPU
		{77827BFE-5992-4F4C-A4ED-A62CAE3F6EC2}.Debug|Any CPU.Build.0 = Debug|Any CPU
		{77827BFE-5992-4F4C-A4ED-A62CAE3F6EC2}.Release|Any CPU.ActiveCfg = Release|Any CPU
		{77827BFE-5992-4F4C-A4ED-A62CAE3F6EC2}.Release|Any CPU.Build.0 = Release|Any CPU
		{E1A5D905-DE73-48D1-90A7-82B2BC8B6026}.Debug|Any CPU.ActiveCfg = Debug|Any CPU
		{E1A5D905-DE73-48D1-90A7-82B2BC8B6026}.Debug|Any CPU.Build.0 = Debug|Any CPU
		{E1A5D905-DE73-48D1-90A7-82B2BC8B6026}.Release|Any CPU.ActiveCfg = Release|Any CPU
		{E1A5D905-DE73-48D1-90A7-82B2BC8B6026}.Release|Any CPU.Build.0 = Release|Any CPU
	EndGlobalSection
	GlobalSection(SolutionProperties) = preSolution
		HideSolutionNode = FALSE
	EndGlobalSection
	GlobalSection(ExtensibilityGlobals) = postSolution
		SolutionGuid = {56CA2DFF-1E8E-49C9-9F6C-8DD8EF1E1F9E}
	EndGlobalSection
EndGlobal
